// !$*UTF8*$!
{
	archiveVersion = 1;
	classes = {
	};
	objectVersion = 50;
	objects = {

/* Begin PBXBuildFile section */
		2002A2E42705B58F00754571 /* AppDelegate.swift in Sources */ = {isa = PBXBuildFile; fileRef = 2002A2E32705B58F00754571 /* AppDelegate.swift */; };
		2002A2E62705B58F00754571 /* SceneDelegate.swift in Sources */ = {isa = PBXBuildFile; fileRef = 2002A2E52705B58F00754571 /* SceneDelegate.swift */; };
		2002A2E82705B58F00754571 /* ViewController.swift in Sources */ = {isa = PBXBuildFile; fileRef = 2002A2E72705B58F00754571 /* ViewController.swift */; };
		2002A2EB2705B58F00754571 /* Main.storyboard in Resources */ = {isa = PBXBuildFile; fileRef = 2002A2E92705B58F00754571 /* Main.storyboard */; };
		2002A2ED2705B59100754571 /* Assets.xcassets in Resources */ = {isa = PBXBuildFile; fileRef = 2002A2EC2705B59100754571 /* Assets.xcassets */; };
		2002A2F02705B59100754571 /* LaunchScreen.storyboard in Resources */ = {isa = PBXBuildFile; fileRef = 2002A2EE2705B59100754571 /* LaunchScreen.storyboard */; };
		2002A2FB2705B59200754571 /* UITestDemoTests.swift in Sources */ = {isa = PBXBuildFile; fileRef = 2002A2FA2705B59200754571 /* UITestDemoTests.swift */; };
		2002A3062705B59200754571 /* UITestDemoUITests.swift in Sources */ = {isa = PBXBuildFile; fileRef = 2002A3052705B59200754571 /* UITestDemoUITests.swift */; };
/* End PBXBuildFile section */

/* Begin PBXContainerItemProxy section */
		2002A2F72705B59200754571 /* PBXContainerItemProxy */ = {
			isa = PBXContainerItemProxy;
			containerPortal = 2002A2D82705B58F00754571 /* Project object */;
			proxyType = 1;
			remoteGlobalIDString = 2002A2DF2705B58F00754571;
			remoteInfo = UITestDemo;
		};
		2002A3022705B59200754571 /* PBXContainerItemProxy */ = {
			isa = PBXContainerItemProxy;
			containerPortal = 2002A2D82705B58F00754571 /* Project object */;
			proxyType = 1;
			remoteGlobalIDString = 2002A2DF2705B58F00754571;
			remoteInfo = UITestDemo;
		};
/* End PBXContainerItemProxy section */

/* Begin PBXFileReference section */
		2002A2E02705B58F00754571 /* UITestDemo.app */ = {isa = PBXFileReference; explicitFileType = wrapper.application; includeInIndex = 0; path = UITestDemo.app; sourceTree = BUILT_PRODUCTS_DIR; };
		2002A2E32705B58F00754571 /* AppDelegate.swift */ = {isa = PBXFileReference; lastKnownFileType = sourcecode.swift; path = AppDelegate.swift; sourceTree = "<group>"; };
		2002A2E52705B58F00754571 /* SceneDelegate.swift */ = {isa = PBXFileReference; lastKnownFileType = sourcecode.swift; path = SceneDelegate.swift; sourceTree = "<group>"; };
		2002A2E72705B58F00754571 /* ViewController.swift */ = {isa = PBXFileReference; lastKnownFileType = sourcecode.swift; path = ViewController.swift; sourceTree = "<group>"; };
		2002A2EA2705B58F00754571 /* Base */ = {isa = PBXFileReference; lastKnownFileType = file.storyboard; name = Base; path = Base.lproj/Main.storyboard; sourceTree = "<group>"; };
		2002A2EC2705B59100754571 /* Assets.xcassets */ = {isa = PBXFileReference; lastKnownFileType = folder.assetcatalog; path = Assets.xcassets; sourceTree = "<group>"; };
		2002A2EF2705B59100754571 /* Base */ = {isa = PBXFileReference; lastKnownFileType = file.storyboard; name = Base; path = Base.lproj/LaunchScreen.storyboard; sourceTree = "<group>"; };
		2002A2F12705B59100754571 /* Info.plist */ = {isa = PBXFileReference; lastKnownFileType = text.plist.xml; path = Info.plist; sourceTree = "<group>"; };
		2002A2F62705B59200754571 /* UITestDemoTests.xctest */ = {isa = PBXFileReference; explicitFileType = wrapper.cfbundle; includeInIndex = 0; path = UITestDemoTests.xctest; sourceTree = BUILT_PRODUCTS_DIR; };
		2002A2FA2705B59200754571 /* UITestDemoTests.swift */ = {isa = PBXFileReference; lastKnownFileType = sourcecode.swift; path = UITestDemoTests.swift; sourceTree = "<group>"; };
		2002A2FC2705B59200754571 /* Info.plist */ = {isa = PBXFileReference; lastKnownFileType = text.plist.xml; path = Info.plist; sourceTree = "<group>"; };
		2002A3012705B59200754571 /* UITestDemoUITests.xctest */ = {isa = PBXFileReference; explicitFileType = wrapper.cfbundle; includeInIndex = 0; path = UITestDemoUITests.xctest; sourceTree = BUILT_PRODUCTS_DIR; };
		2002A3052705B59200754571 /* UITestDemoUITests.swift */ = {isa = PBXFileReference; lastKnownFileType = sourcecode.swift; path = UITestDemoUITests.swift; sourceTree = "<group>"; };
		2002A3072705B59200754571 /* Info.plist */ = {isa = PBXFileReference; lastKnownFileType = text.plist.xml; path = Info.plist; sourceTree = "<group>"; };
/* End PBXFileReference section */

/* Begin PBXFrameworksBuildPhase section */
		2002A2DD2705B58F00754571 /* Frameworks */ = {
			isa = PBXFrameworksBuildPhase;
			buildActionMask = 2147483647;
			files = (
			);
			runOnlyForDeploymentPostprocessing = 0;
		};
		2002A2F32705B59200754571 /* Frameworks */ = {
			isa = PBXFrameworksBuildPhase;
			buildActionMask = 2147483647;
			files = (
			);
			runOnlyForDeploymentPostprocessing = 0;
		};
		2002A2FE2705B59200754571 /* Frameworks */ = {
			isa = PBXFrameworksBuildPhase;
			buildActionMask = 2147483647;
			files = (
			);
			runOnlyForDeploymentPostprocessing = 0;
		};
/* End PBXFrameworksBuildPhase section */

/* Begin PBXGroup section */
		2002A2D72705B58F00754571 = {
			isa = PBXGroup;
			children = (
				2002A2E22705B58F00754571 /* UITestDemo */,
				2002A2F92705B59200754571 /* UITestDemoTests */,
				2002A3042705B59200754571 /* UITestDemoUITests */,
				2002A2E12705B58F00754571 /* Products */,
			);
			sourceTree = "<group>";
		};
		2002A2E12705B58F00754571 /* Products */ = {
			isa = PBXGroup;
			children = (
				2002A2E02705B58F00754571 /* UITestDemo.app */,
				2002A2F62705B59200754571 /* UITestDemoTests.xctest */,
				2002A3012705B59200754571 /* UITestDemoUITests.xctest */,
			);
			name = Products;
			sourceTree = "<group>";
		};
		2002A2E22705B58F00754571 /* UITestDemo */ = {
			isa = PBXGroup;
			children = (
				2002A2E32705B58F00754571 /* AppDelegate.swift */,
				2002A2E52705B58F00754571 /* SceneDelegate.swift */,
				2002A2E72705B58F00754571 /* ViewController.swift */,
				2002A2E92705B58F00754571 /* Main.storyboard */,
				2002A2EC2705B59100754571 /* Assets.xcassets */,
				2002A2EE2705B59100754571 /* LaunchScreen.storyboard */,
				2002A2F12705B59100754571 /* Info.plist */,
			);
			path = UITestDemo;
			sourceTree = "<group>";
		};
		2002A2F92705B59200754571 /* UITestDemoTests */ = {
			isa = PBXGroup;
			children = (
				2002A2FA2705B59200754571 /* UITestDemoTests.swift */,
				2002A2FC2705B59200754571 /* Info.plist */,
			);
			path = UITestDemoTests;
			sourceTree = "<group>";
		};
		2002A3042705B59200754571 /* UITestDemoUITests */ = {
			isa = PBXGroup;
			children = (
				2002A3052705B59200754571 /* UITestDemoUITests.swift */,
				2002A3072705B59200754571 /* Info.plist */,
			);
			path = UITestDemoUITests;
			sourceTree = "<group>";
		};
/* End PBXGroup section */

/* Begin PBXNativeTarget section */
		2002A2DF2705B58F00754571 /* UITestDemo */ = {
			isa = PBXNativeTarget;
			buildConfigurationList = 2002A30A2705B59200754571 /* Build configuration list for PBXNativeTarget "UITestDemo" */;
			buildPhases = (
				2002A2DC2705B58F00754571 /* Sources */,
				2002A2DD2705B58F00754571 /* Frameworks */,
				2002A2DE2705B58F00754571 /* Resources */,
			);
			buildRules = (
			);
			dependencies = (
			);
			name = UITestDemo;
			productName = UITestDemo;
			productReference = 2002A2E02705B58F00754571 /* UITestDemo.app */;
			productType = "com.apple.product-type.application";
		};
		2002A2F52705B59200754571 /* UITestDemoTests */ = {
			isa = PBXNativeTarget;
			buildConfigurationList = 2002A30D2705B59200754571 /* Build configuration list for PBXNativeTarget "UITestDemoTests" */;
			buildPhases = (
				2002A2F22705B59200754571 /* Sources */,
				2002A2F32705B59200754571 /* Frameworks */,
				2002A2F42705B59200754571 /* Resources */,
			);
			buildRules = (
			);
			dependencies = (
				2002A2F82705B59200754571 /* PBXTargetDependency */,
			);
			name = UITestDemoTests;
			productName = UITestDemoTests;
			productReference = 2002A2F62705B59200754571 /* UITestDemoTests.xctest */;
			productType = "com.apple.product-type.bundle.unit-test";
		};
		2002A3002705B59200754571 /* UITestDemoUITests */ = {
			isa = PBXNativeTarget;
			buildConfigurationList = 2002A3102705B59200754571 /* Build configuration list for PBXNativeTarget "UITestDemoUITests" */;
			buildPhases = (
				2002A2FD2705B59200754571 /* Sources */,
				2002A2FE2705B59200754571 /* Frameworks */,
				2002A2FF2705B59200754571 /* Resources */,
			);
			buildRules = (
			);
			dependencies = (
				2002A3032705B59200754571 /* PBXTargetDependency */,
			);
			name = UITestDemoUITests;
			productName = UITestDemoUITests;
			productReference = 2002A3012705B59200754571 /* UITestDemoUITests.xctest */;
			productType = "com.apple.product-type.bundle.ui-testing";
		};
/* End PBXNativeTarget section */

/* Begin PBXProject section */
		2002A2D82705B58F00754571 /* Project object */ = {
			isa = PBXProject;
			attributes = {
				LastSwiftUpdateCheck = 1250;
				LastUpgradeCheck = 1250;
				TargetAttributes = {
					2002A2DF2705B58F00754571 = {
						CreatedOnToolsVersion = 12.5.1;
					};
					2002A2F52705B59200754571 = {
						CreatedOnToolsVersion = 12.5.1;
						TestTargetID = 2002A2DF2705B58F00754571;
					};
					2002A3002705B59200754571 = {
						CreatedOnToolsVersion = 12.5.1;
						TestTargetID = 2002A2DF2705B58F00754571;
					};
				};
			};
			buildConfigurationList = 2002A2DB2705B58F00754571 /* Build configuration list for PBXProject "UITestDemo" */;
			compatibilityVersion = "Xcode 9.3";
			developmentRegion = en;
			hasScannedForEncodings = 0;
			knownRegions = (
				en,
				Base,
			);
			mainGroup = 2002A2D72705B58F00754571;
			productRefGroup = 2002A2E12705B58F00754571 /* Products */;
			projectDirPath = "";
			projectRoot = "";
			targets = (
				2002A2DF2705B58F00754571 /* UITestDemo */,
				2002A2F52705B59200754571 /* UITestDemoTests */,
				2002A3002705B59200754571 /* UITestDemoUITests */,
			);
		};
/* End PBXProject section */

/* Begin PBXResourcesBuildPhase section */
		2002A2DE2705B58F00754571 /* Resources */ = {
			isa = PBXResourcesBuildPhase;
			buildActionMask = 2147483647;
			files = (
				2002A2F02705B59100754571 /* LaunchScreen.storyboard in Resources */,
				2002A2ED2705B59100754571 /* Assets.xcassets in Resources */,
				2002A2EB2705B58F00754571 /* Main.storyboard in Resources */,
			);
			runOnlyForDeploymentPostprocessing = 0;
		};
		2002A2F42705B59200754571 /* Resources */ = {
			isa = PBXResourcesBuildPhase;
			buildActionMask = 2147483647;
			files = (
			);
			runOnlyForDeploymentPostprocessing = 0;
		};
		2002A2FF2705B59200754571 /* Resources */ = {
			isa = PBXResourcesBuildPhase;
			buildActionMask = 2147483647;
			files = (
			);
			runOnlyForDeploymentPostprocessing = 0;
		};
/* End PBXResourcesBuildPhase section */

/* Begin PBXSourcesBuildPhase section */
		2002A2DC2705B58F00754571 /* Sources */ = {
			isa = PBXSourcesBuildPhase;
			buildActionMask = 2147483647;
			files = (
				2002A2E82705B58F00754571 /* ViewController.swift in Sources */,
				2002A2E42705B58F00754571 /* AppDelegate.swift in Sources */,
				2002A2E62705B58F00754571 /* SceneDelegate.swift in Sources */,
			);
			runOnlyForDeploymentPostprocessing = 0;
		};
		2002A2F22705B59200754571 /* Sources */ = {
			isa = PBXSourcesBuildPhase;
			buildActionMask = 2147483647;
			files = (
				2002A2FB2705B59200754571 /* UITestDemoTests.swift in Sources */,
			);
			runOnlyForDeploymentPostprocessing = 0;
		};
		2002A2FD2705B59200754571 /* Sources */ = {
			isa = PBXSourcesBuildPhase;
			buildActionMask = 2147483647;
			files = (
				2002A3062705B59200754571 /* UITestDemoUITests.swift in Sources */,
			);
			runOnlyForDeploymentPostprocessing = 0;
		};
/* End PBXSourcesBuildPhase section */

/* Begin PBXTargetDependency section */
		2002A2F82705B59200754571 /* PBXTargetDependency */ = {
			isa = PBXTargetDependency;
			target = 2002A2DF2705B58F00754571 /* UITestDemo */;
			targetProxy = 2002A2F72705B59200754571 /* PBXContainerItemProxy */;
		};
		2002A3032705B59200754571 /* PBXTargetDependency */ = {
			isa = PBXTargetDependency;
			target = 2002A2DF2705B58F00754571 /* UITestDemo */;
			targetProxy = 2002A3022705B59200754571 /* PBXContainerItemProxy */;
		};
/* End PBXTargetDependency section */

/* Begin PBXVariantGroup section */
		2002A2E92705B58F00754571 /* Main.storyboard */ = {
			isa = PBXVariantGroup;
			children = (
				2002A2EA2705B58F00754571 /* Base */,
			);
			name = Main.storyboard;
			sourceTree = "<group>";
		};
		2002A2EE2705B59100754571 /* LaunchScreen.storyboard */ = {
			isa = PBXVariantGroup;
			children = (
				2002A2EF2705B59100754571 /* Base */,
			);
			name = LaunchScreen.storyboard;
			sourceTree = "<group>";
		};
/* End PBXVariantGroup section */

/* Begin XCBuildConfiguration section */
		2002A3082705B59200754571 /* Debug */ = {
			isa = XCBuildConfiguration;
			buildSettings = {
				ALWAYS_SEARCH_USER_PATHS = NO;
				CLANG_ANALYZER_NONNULL = YES;
				CLANG_ANALYZER_NUMBER_OBJECT_CONVERSION = YES_AGGRESSIVE;
				CLANG_CXX_LANGUAGE_STANDARD = "gnu++14";
				CLANG_CXX_LIBRARY = "libc++";
				CLANG_ENABLE_MODULES = YES;
				CLANG_ENABLE_OBJC_ARC = YES;
				CLANG_ENABLE_OBJC_WEAK = YES;
				CLANG_WARN_BLOCK_CAPTURE_AUTORELEASING = YES;
				CLANG_WARN_BOOL_CONVERSION = YES;
				CLANG_WARN_COMMA = YES;
				CLANG_WARN_CONSTANT_CONVERSION = YES;
				CLANG_WARN_DEPRECATED_OBJC_IMPLEMENTATIONS = YES;
				CLANG_WARN_DIRECT_OBJC_ISA_USAGE = YES_ERROR;
				CLANG_WARN_DOCUMENTATION_COMMENTS = YES;
				CLANG_WARN_EMPTY_BODY = YES;
				CLANG_WARN_ENUM_CONVERSION = YES;
				CLANG_WARN_INFINITE_RECURSION = YES;
				CLANG_WARN_INT_CONVERSION = YES;
				CLANG_WARN_NON_LITERAL_NULL_CONVERSION = YES;
				CLANG_WARN_OBJC_IMPLICIT_RETAIN_SELF = YES;
				CLANG_WARN_OBJC_LITERAL_CONVERSION = YES;
				CLANG_WARN_OBJC_ROOT_CLASS = YES_ERROR;
				CLANG_WARN_QUOTED_INCLUDE_IN_FRAMEWORK_HEADER = YES;
				CLANG_WARN_RANGE_LOOP_ANALYSIS = YES;
				CLANG_WARN_STRICT_PROTOTYPES = YES;
				CLANG_WARN_SUSPICIOUS_MOVE = YES;
				CLANG_WARN_UNGUARDED_AVAILABILITY = YES_AGGRESSIVE;
				CLANG_WARN_UNREACHABLE_CODE = YES;
				CLANG_WARN__DUPLICATE_METHOD_MATCH = YES;
				COPY_PHASE_STRIP = NO;
				DEBUG_INFORMATION_FORMAT = dwarf;
				ENABLE_STRICT_OBJC_MSGSEND = YES;
				ENABLE_TESTABILITY = YES;
				GCC_C_LANGUAGE_STANDARD = gnu11;
				GCC_DYNAMIC_NO_PIC = NO;
				GCC_NO_COMMON_BLOCKS = YES;
				GCC_OPTIMIZATION_LEVEL = 0;
				GCC_PREPROCESSOR_DEFINITIONS = (
					"DEBUG=1",
					"$(inherited)",
				);
				GCC_WARN_64_TO_32_BIT_CONVERSION = YES;
				GCC_WARN_ABOUT_RETURN_TYPE = YES_ERROR;
				GCC_WARN_UNDECLARED_SELECTOR = YES;
				GCC_WARN_UNINITIALIZED_AUTOS = YES_AGGRESSIVE;
				GCC_WARN_UNUSED_FUNCTION = YES;
				GCC_WARN_UNUSED_VARIABLE = YES;
				IPHONEOS_DEPLOYMENT_TARGET = 14.5;
				MTL_ENABLE_DEBUG_INFO = INCLUDE_SOURCE;
				MTL_FAST_MATH = YES;
				ONLY_ACTIVE_ARCH = YES;
				SDKROOT = iphoneos;
				SWIFT_ACTIVE_COMPILATION_CONDITIONS = DEBUG;
				SWIFT_OPTIMIZATION_LEVEL = "-Onone";
			};
			name = Debug;
		};
		2002A3092705B59200754571 /* Release */ = {
			isa = XCBuildConfiguration;
			buildSettings = {
				ALWAYS_SEARCH_USER_PATHS = NO;
				CLANG_ANALYZER_NONNULL = YES;
				CLANG_ANALYZER_NUMBER_OBJECT_CONVERSION = YES_AGGRESSIVE;
				CLANG_CXX_LANGUAGE_STANDARD = "gnu++14";
				CLANG_CXX_LIBRARY = "libc++";
				CLANG_ENABLE_MODULES = YES;
				CLANG_ENABLE_OBJC_ARC = YES;
				CLANG_ENABLE_OBJC_WEAK = YES;
				CLANG_WARN_BLOCK_CAPTURE_AUTORELEASING = YES;
				CLANG_WARN_BOOL_CONVERSION = YES;
				CLANG_WARN_COMMA = YES;
				CLANG_WARN_CONSTANT_CONVERSION = YES;
				CLANG_WARN_DEPRECATED_OBJC_IMPLEMENTATIONS = YES;
				CLANG_WARN_DIRECT_OBJC_ISA_USAGE = YES_ERROR;
				CLANG_WARN_DOCUMENTATION_COMMENTS = YES;
				CLANG_WARN_EMPTY_BODY = YES;
				CLANG_WARN_ENUM_CONVERSION = YES;
				CLANG_WARN_INFINITE_RECURSION = YES;
				CLANG_WARN_INT_CONVERSION = YES;
				CLANG_WARN_NON_LITERAL_NULL_CONVERSION = YES;
				CLANG_WARN_OBJC_IMPLICIT_RETAIN_SELF = YES;
				CLANG_WARN_OBJC_LITERAL_CONVERSION = YES;
				CLANG_WARN_OBJC_ROOT_CLASS = YES_ERROR;
				CLANG_WARN_QUOTED_INCLUDE_IN_FRAMEWORK_HEADER = YES;
				CLANG_WARN_RANGE_LOOP_ANALYSIS = YES;
				CLANG_WARN_STRICT_PROTOTYPES = YES;
				CLANG_WARN_SUSPICIOUS_MOVE = YES;
				CLANG_WARN_UNGUARDED_AVAILABILITY = YES_AGGRESSIVE;
				CLANG_WARN_UNREACHABLE_CODE = YES;
				CLANG_WARN__DUPLICATE_METHOD_MATCH = YES;
				COPY_PHASE_STRIP = NO;
				DEBUG_INFORMATION_FORMAT = "dwarf-with-dsym";
				ENABLE_NS_ASSERTIONS = NO;
				ENABLE_STRICT_OBJC_MSGSEND = YES;
				GCC_C_LANGUAGE_STANDARD = gnu11;
				GCC_NO_COMMON_BLOCKS = YES;
				GCC_WARN_64_TO_32_BIT_CONVERSION = YES;
				GCC_WARN_ABOUT_RETURN_TYPE = YES_ERROR;
				GCC_WARN_UNDECLARED_SELECTOR = YES;
				GCC_WARN_UNINITIALIZED_AUTOS = YES_AGGRESSIVE;
				GCC_WARN_UNUSED_FUNCTION = YES;
				GCC_WARN_UNUSED_VARIABLE = YES;
				IPHONEOS_DEPLOYMENT_TARGET = 14.5;
				MTL_ENABLE_DEBUG_INFO = NO;
				MTL_FAST_MATH = YES;
				SDKROOT = iphoneos;
				SWIFT_COMPILATION_MODE = wholemodule;
				SWIFT_OPTIMIZATION_LEVEL = "-O";
				VALIDATE_PRODUCT = YES;
			};
			name = Release;
		};
		2002A30B2705B59200754571 /* Debug */ = {
			isa = XCBuildConfiguration;
			buildSettings = {
				ASSETCATALOG_COMPILER_APPICON_NAME = AppIcon;
				ASSETCATALOG_COMPILER_GLOBAL_ACCENT_COLOR_NAME = AccentColor;
				CODE_SIGN_STYLE = Automatic;
				DEVELOPMENT_TEAM = P66P3CXU58;
				INFOPLIST_FILE = UITestDemo/Info.plist;
				LD_RUNPATH_SEARCH_PATHS = (
					"$(inherited)",
					"@executable_path/Frameworks",
				);
				PRODUCT_BUNDLE_IDENTIFIER = that.boring.bear.UITestDemo;
				PRODUCT_NAME = "$(TARGET_NAME)";
				SWIFT_VERSION = 5.0;
				TARGETED_DEVICE_FAMILY = "1,2";
			};
			name = Debug;
		};
		2002A30C2705B59200754571 /* Release */ = {
			isa = XCBuildConfiguration;
			buildSettings = {
				ASSETCATALOG_COMPILER_APPICON_NAME = AppIcon;
				ASSETCATALOG_COMPILER_GLOBAL_ACCENT_COLOR_NAME = AccentColor;
				CODE_SIGN_STYLE = Automatic;
				DEVELOPMENT_TEAM = P66P3CXU58;
				INFOPLIST_FILE = UITestDemo/Info.plist;
				LD_RUNPATH_SEARCH_PATHS = (
					"$(inherited)",
					"@executable_path/Frameworks",
				);
				PRODUCT_BUNDLE_IDENTIFIER = that.boring.bear.UITestDemo;
				PRODUCT_NAME = "$(TARGET_NAME)";
				SWIFT_VERSION = 5.0;
				TARGETED_DEVICE_FAMILY = "1,2";
			};
			name = Release;
		};
		2002A30E2705B59200754571 /* Debug */ = {
			isa = XCBuildConfiguration;
			buildSettings = {
				ALWAYS_EMBED_SWIFT_STANDARD_LIBRARIES = YES;
				BUNDLE_LOADER = "$(TEST_HOST)";
				CODE_SIGN_STYLE = Automatic;
				DEVELOPMENT_TEAM = P66P3CXU58;
				INFOPLIST_FILE = UITestDemoTests/Info.plist;
				IPHONEOS_DEPLOYMENT_TARGET = 14.5;
				LD_RUNPATH_SEARCH_PATHS = (
					"$(inherited)",
					"@executable_path/Frameworks",
					"@loader_path/Frameworks",
				);
				PRODUCT_BUNDLE_IDENTIFIER = that.boring.bear.UITestDemoTests;
				PRODUCT_NAME = "$(TARGET_NAME)";
				SWIFT_VERSION = 5.0;
				TARGETED_DEVICE_FAMILY = "1,2";
				TEST_HOST = "$(BUILT_PRODUCTS_DIR)/UITestDemo.app/UITestDemo";
			};
			name = Debug;
		};
		2002A30F2705B59200754571 /* Release */ = {
			isa = XCBuildConfiguration;
			buildSettings = {
				ALWAYS_EMBED_SWIFT_STANDARD_LIBRARIES = YES;
				BUNDLE_LOADER = "$(TEST_HOST)";
				CODE_SIGN_STYLE = Automatic;
				DEVELOPMENT_TEAM = P66P3CXU58;
				INFOPLIST_FILE = UITestDemoTests/Info.plist;
				IPHONEOS_DEPLOYMENT_TARGET = 14.5;
				LD_RUNPATH_SEARCH_PATHS = (
					"$(inherited)",
					"@executable_path/Frameworks",
					"@loader_path/Frameworks",
				);
				PRODUCT_BUNDLE_IDENTIFIER = that.boring.bear.UITestDemoTests;
				PRODUCT_NAME = "$(TARGET_NAME)";
				SWIFT_VERSION = 5.0;
				TARGETED_DEVICE_FAMILY = "1,2";
				TEST_HOST = "$(BUILT_PRODUCTS_DIR)/UITestDemo.app/UITestDemo";
			};
			name = Release;
		};
		2002A3112705B59200754571 /* Debug */ = {
			isa = XCBuildConfiguration;
			buildSettings = {
				ALWAYS_EMBED_SWIFT_STANDARD_LIBRARIES = YES;
				CODE_SIGN_STYLE = Automatic;
				DEVELOPMENT_TEAM = P66P3CXU58;
				INFOPLIST_FILE = UITestDemoUITests/Info.plist;
				LD_RUNPATH_SEARCH_PATHS = (
					"$(inherited)",
					"@executable_path/Frameworks",
					"@loader_path/Frameworks",
				);
				PRODUCT_BUNDLE_IDENTIFIER = that.boring.bear.UITestDemoUITests;
				PRODUCT_NAME = "$(TARGET_NAME)";
				SWIFT_VERSION = 5.0;
				TARGETED_DEVICE_FAMILY = "1,2";
				TEST_TARGET_NAME = UITestDemo;
			};
			name = Debug;
		};
		2002A3122705B59200754571 /* Release */ = {
			isa = XCBuildConfiguration;
			buildSettings = {
				ALWAYS_EMBED_SWIFT_STANDARD_LIBRARIES = YES;
				CODE_SIGN_STYLE = Automatic;
				DEVELOPMENT_TEAM = P66P3CXU58;
				INFOPLIST_FILE = UITestDemoUITests/Info.plist;
				LD_RUNPATH_SEARCH_PATHS = (
					"$(inherited)",
					"@executable_path/Frameworks",
					"@loader_path/Frameworks",
				);
				PRODUCT_BUNDLE_IDENTIFIER = that.boring.bear.UITestDemoUITests;
				PRODUCT_NAME = "$(TARGET_NAME)";
				SWIFT_VERSION = 5.0;
				TARGETED_DEVICE_FAMILY = "1,2";
				TEST_TARGET_NAME = UITestDemo;
			};
			name = Release;
		};
/* End XCBuildConfiguration section */

/* Begin XCConfigurationList section */
		2002A2DB2705B58F00754571 /* Build configuration list for PBXProject "UITestDemo" */ = {
			isa = XCConfigurationList;
			buildConfigurations = (
				2002A3082705B59200754571 /* Debug */,
				2002A3092705B59200754571 /* Release */,
			);
			defaultConfigurationIsVisible = 0;
			defaultConfigurationName = Release;
		};
		2002A30A2705B59200754571 /* Build configuration list for PBXNativeTarget "UITestDemo" */ = {
			isa = XCConfigurationList;
			buildConfigurations = (
				2002A30B2705B59200754571 /* Debug */,
				2002A30C2705B59200754571 /* Release */,
			);
			defaultConfigurationIsVisible = 0;
			defaultConfigurationName = Release;
		};
		2002A30D2705B59200754571 /* Build configuration list for PBXNativeTarget "UITestDemoTests" */ = {
			isa = XCConfigurationList;
			buildConfigurations = (
				2002A30E2705B59200754571 /* Debug */,
				2002A30F2705B59200754571 /* Release */,
			);
			defaultConfigurationIsVisible = 0;
			defaultConfigurationName = Release;
		};
		2002A3102705B59200754571 /* Build configuration list for PBXNativeTarget "UITestDemoUITests" */ = {
			isa = XCConfigurationList;
			buildConfigurations = (
				2002A3112705B59200754571 /* Debug */,
				2002A3122705B59200754571 /* Release */,
			);
			defaultConfigurationIsVisible = 0;
			defaultConfigurationName = Release;
		};
/* End XCConfigurationList section */
	};
	rootObject = 2002A2D82705B58F00754571 /* Project object */;
}
